
Microsoft Visual Studio Solution File, Format Version 12.00
# Visual Studio Version 17
VisualStudioVersion = 17.6.33801.468
MinimumVisualStudioVersion = 10.0.40219.1
Project("{2150E333-8FDC-42A3-9474-1A3956D46DE8}") = "src", "src", "{4AB9E47F-7D74-4751-9604-1C72FCE49A15}"
EndProject
Project("{2150E333-8FDC-42A3-9474-1A3956D46DE8}") = "tests", "tests", "{88E64C59-FB43-439B-9DCE-A6BD6A09DC67}"
EndProject
Project("{9A19103F-16F7-4668-BE54-9A1E7A4F7556}") = "MinimalApi", "src\app\MinimalApi.csproj", "{4DFE9D76-B2FB-4496-B8B2-B67800A2B163}"
EndProject
Global
	GlobalSection(SolutionConfigurationPlatforms) = preSolution
		Debug|Any CPU = Debug|Any CPU
		Release|Any CPU = Release|Any CPU
	EndGlobalSection
	GlobalSection(ProjectConfigurationPlatforms) = postSolution
		{4DFE9D76-B2FB-4496-B8B2-B67800A2B163}.Debug|Any CPU.ActiveCfg = Debug|Any CPU
		{4DFE9D76-B2FB-4496-B8B2-B67800A2B163}.Debug|Any CPU.Build.0 = Debug|Any CPU
		{4DFE9D76-B2FB-4496-B8B2-B67800A2B163}.Release|Any CPU.ActiveCfg = Release|Any CPU
		{4DFE9D76-B2FB-4496-B8B2-B67800A2B163}.Release|Any CPU.Build.0 = Release|Any CPU
	EndGlobalSection
	GlobalSection(SolutionProperties) = preSolution
		HideSolutionNode = FALSE
	EndGlobalSection
	GlobalSection(NestedProjects) = preSolution
		{4DFE9D76-B2FB-4496-B8B2-B67800A2B163} = {4AB9E47F-7D74-4751-9604-1C72FCE49A15}
	EndGlobalSection
	GlobalSection(ExtensibilityGlobals) = postSolution
		SolutionGuid = {D971E9B6-50FE-407B-B2A4-96E15D681DFD}
	EndGlobalSection
EndGlobal
